
Microsoft Visual Studio Solution File, Format Version 12.00
# Visual Studio Version 16
VisualStudioVersion = 16.0.30711.63
MinimumVisualStudioVersion = 10.0.40219.1
Project("{FAE04EC0-301F-11D3-BF4B-00C04F79EFBC}") = "Autospace1", "Autospace1.csproj", "{2662F436-248E-40E1-B00A-3F71F53DB440}"
EndProject
Global
	GlobalSection(SolutionConfigurationPlatforms) = preSolution
		Debug|Any CPU = Debug|Any CPU
		Release|Any CPU = Release|Any CPU
	EndGlobalSection
	GlobalSection(ProjectConfigurationPlatforms) = postSolution
		{2662F436-248E-40E1-B00A-3F71F53DB440}.Debug|Any CPU.ActiveCfg = Debug|Any CPU
		{2662F436-248E-40E1-B00A-3F71F53DB440}.Debug|Any CPU.Build.0 = Debug|Any CPU
		{2662F436-248E-40E1-B00A-3F71F53DB440}.Release|Any CPU.ActiveCfg = Release|Any CPU
		{2662F436-248E-40E1-B00A-3F71F53DB440}.Release|Any CPU.Build.0 = Release|Any CPU
	EndGlobalSection
	GlobalSection(SolutionProperties) = preSolution
		HideSolutionNode = FALSE
	EndGlobalSection
	GlobalSection(ExtensibilityGlobals) = postSolution
		SolutionGuid = {358AD5EB-CDB3-46B0-84B5-582AED569369}
	EndGlobalSection
EndGlobal
